
Microsoft Visual Studio Solution File, Format Version 12.00
# Visual Studio Version 16
VisualStudioVersion = 16.0.28803.352
MinimumVisualStudioVersion = 10.0.40219.1
Project("{9A19103F-16F7-4668-BE54-9A1E7A4F7556}") = "Hashgraph.NetCore.Proto", "src\Hashgraph.NetCore.Proto\Hashgraph.NetCore.Proto.csproj", "{A712F293-C2BE-45F0-94BE-36FC42A98647}"
EndProject
Project("{9A19103F-16F7-4668-BE54-9A1E7A4F7556}") = "Hashgraph.NetCore", "src\Hashgraph.NetCore\Hashgraph.NetCore.csproj", "{14C9A35C-50CE-4E74-98D1-41228D0476DF}"
EndProject
Project("{9A19103F-16F7-4668-BE54-9A1E7A4F7556}") = "Hashgraph.NetCore.Test", "test\Hashgraph.NetCore.Test\Hashgraph.NetCore.Test.csproj", "{F6FD8758-BF27-4BEE-A68E-75382E626DBE}"
EndProject
Project("{9A19103F-16F7-4668-BE54-9A1E7A4F7556}") = "Hashgraph.NetCore.Web", "examples\Hashgraph.NetCore.Web\Hashgraph.NetCore.Web.csproj", "{D56556C8-3AB5-4E70-9A13-A12C8985C4AE}"
EndProject
Global
	GlobalSection(SolutionConfigurationPlatforms) = preSolution
		Debug|Any CPU = Debug|Any CPU
		Release|Any CPU = Release|Any CPU
	EndGlobalSection
	GlobalSection(ProjectConfigurationPlatforms) = postSolution
		{A712F293-C2BE-45F0-94BE-36FC42A98647}.Debug|Any CPU.ActiveCfg = Debug|Any CPU
		{A712F293-C2BE-45F0-94BE-36FC42A98647}.Debug|Any CPU.Build.0 = Debug|Any CPU
		{A712F293-C2BE-45F0-94BE-36FC42A98647}.Release|Any CPU.ActiveCfg = Release|Any CPU
		{A712F293-C2BE-45F0-94BE-36FC42A98647}.Release|Any CPU.Build.0 = Release|Any CPU
		{14C9A35C-50CE-4E74-98D1-41228D0476DF}.Debug|Any CPU.ActiveCfg = Debug|Any CPU
		{14C9A35C-50CE-4E74-98D1-41228D0476DF}.Debug|Any CPU.Build.0 = Debug|Any CPU
		{14C9A35C-50CE-4E74-98D1-41228D0476DF}.Release|Any CPU.ActiveCfg = Release|Any CPU
		{14C9A35C-50CE-4E74-98D1-41228D0476DF}.Release|Any CPU.Build.0 = Release|Any CPU
		{F6FD8758-BF27-4BEE-A68E-75382E626DBE}.Debug|Any CPU.ActiveCfg = Debug|Any CPU
		{F6FD8758-BF27-4BEE-A68E-75382E626DBE}.Debug|Any CPU.Build.0 = Debug|Any CPU
		{F6FD8758-BF27-4BEE-A68E-75382E626DBE}.Release|Any CPU.ActiveCfg = Release|Any CPU
		{F6FD8758-BF27-4BEE-A68E-75382E626DBE}.Release|Any CPU.Build.0 = Release|Any CPU
		{D56556C8-3AB5-4E70-9A13-A12C8985C4AE}.Debug|Any CPU.ActiveCfg = Debug|Any CPU
		{D56556C8-3AB5-4E70-9A13-A12C8985C4AE}.Debug|Any CPU.Build.0 = Debug|Any CPU
		{D56556C8-3AB5-4E70-9A13-A12C8985C4AE}.Release|Any CPU.ActiveCfg = Release|Any CPU
		{D56556C8-3AB5-4E70-9A13-A12C8985C4AE}.Release|Any CPU.Build.0 = Release|Any CPU
	EndGlobalSection
	GlobalSection(SolutionProperties) = preSolution
		HideSolutionNode = FALSE
	EndGlobalSection
	GlobalSection(ExtensibilityGlobals) = postSolution
		SolutionGuid = {851D8B64-1D88-4D5D-B0C6-DCB7D6A1C535}
	EndGlobalSection
EndGlobal
